
Microsoft Visual Studio Solution File, Format Version 12.00
# Visual Studio 2013
VisualStudioVersion = 12.0.30501.0
MinimumVisualStudioVersion = 10.0.40219.1
Project("{FAE04EC0-301F-11D3-BF4B-00C04F79EFBC}") = "WebApplication", "WebApplication\WebApplication.csproj", "{71374CBB-1161-4A80-A419-FB6196100076}"
EndProject
Project("{FAE04EC0-301F-11D3-BF4B-00C04F79EFBC}") = "Quartz", "Quartz\Quartz.csproj", "{FF746A61-A9BD-4E93-8C19-9D886BE6902D}"
EndProject
Project("{FAE04EC0-301F-11D3-BF4B-00C04F79EFBC}") = "AzureWebJob", "AzureWebJob\AzureWebJob.csproj", "{0FCD14EE-35A8-42CC-802A-6FD54A7F65D5}"
EndProject
Global
	GlobalSection(SolutionConfigurationPlatforms) = preSolution
		Debug|Any CPU = Debug|Any CPU
		Release|Any CPU = Release|Any CPU
	EndGlobalSection
	GlobalSection(ProjectConfigurationPlatforms) = postSolution
		{71374CBB-1161-4A80-A419-FB6196100076}.Debug|Any CPU.ActiveCfg = Debug|Any CPU
		{71374CBB-1161-4A80-A419-FB6196100076}.Debug|Any CPU.Build.0 = Debug|Any CPU
		{71374CBB-1161-4A80-A419-FB6196100076}.Release|Any CPU.ActiveCfg = Release|Any CPU
		{71374CBB-1161-4A80-A419-FB6196100076}.Release|Any CPU.Build.0 = Release|Any CPU
		{FF746A61-A9BD-4E93-8C19-9D886BE6902D}.Debug|Any CPU.ActiveCfg = Debug|Any CPU
		{FF746A61-A9BD-4E93-8C19-9D886BE6902D}.Debug|Any CPU.Build.0 = Debug|Any CPU
		{FF746A61-A9BD-4E93-8C19-9D886BE6902D}.Release|Any CPU.ActiveCfg = Release|Any CPU
		{FF746A61-A9BD-4E93-8C19-9D886BE6902D}.Release|Any CPU.Build.0 = Release|Any CPU
		{0FCD14EE-35A8-42CC-802A-6FD54A7F65D5}.Debug|Any CPU.ActiveCfg = Debug|Any CPU
		{0FCD14EE-35A8-42CC-802A-6FD54A7F65D5}.Debug|Any CPU.Build.0 = Debug|Any CPU
		{0FCD14EE-35A8-42CC-802A-6FD54A7F65D5}.Release|Any CPU.ActiveCfg = Release|Any CPU
		{0FCD14EE-35A8-42CC-802A-6FD54A7F65D5}.Release|Any CPU.Build.0 = Release|Any CPU
	EndGlobalSection
	GlobalSection(SolutionProperties) = preSolution
		HideSolutionNode = FALSE
	EndGlobalSection
EndGlobal
